
Microsoft Visual Studio Solution File, Format Version 12.00
# Visual Studio 15
VisualStudioVersion = 15.0.28307.1525
MinimumVisualStudioVersion = 10.0.40219.1
Project("{FAE04EC0-301F-11D3-BF4B-00C04F79EFBC}") = "13MetodosExtension", "13MetodosExtension\13MetodosExtension.csproj", "{01E8C3D2-7265-48FB-94A8-7270F87BFEF7}"
EndProject
Global
	GlobalSection(SolutionConfigurationPlatforms) = preSolution
		Debug|Any CPU = Debug|Any CPU
		Release|Any CPU = Release|Any CPU
	EndGlobalSection
	GlobalSection(ProjectConfigurationPlatforms) = postSolution
		{01E8C3D2-7265-48FB-94A8-7270F87BFEF7}.Debug|Any CPU.ActiveCfg = Debug|Any CPU
		{01E8C3D2-7265-48FB-94A8-7270F87BFEF7}.Debug|Any CPU.Build.0 = Debug|Any CPU
		{01E8C3D2-7265-48FB-94A8-7270F87BFEF7}.Release|Any CPU.ActiveCfg = Release|Any CPU
		{01E8C3D2-7265-48FB-94A8-7270F87BFEF7}.Release|Any CPU.Build.0 = Release|Any CPU
	EndGlobalSection
	GlobalSection(SolutionProperties) = preSolution
		HideSolutionNode = FALSE
	EndGlobalSection
	GlobalSection(ExtensibilityGlobals) = postSolution
		SolutionGuid = {991403FB-3D4F-4B49-ABDC-7E3D73A12B1F}
	EndGlobalSection
EndGlobal
